{
  "name": "datathon",
  "lockfileVersion": 2,
  "requires": true,
  "packages": {
    "": {
      "dependencies": {
        "ai": "^1.1.0",
        "open": "^8.4.2"
      }
    },
    "node_modules/ai": {
      "version": "1.1.0",
      "resolved": "https://registry.npmjs.org/ai/-/ai-1.1.0.tgz",
      "integrity": "sha512-Q2XCRxZhYVuFMcMqlXl88TxFboFJb06LfUOkqpbLCJ/x0J4kIZbZwbQyG4ZOKpUkKpZ7gjVJfHhZY2LICHb0Yw==",
      "bundleDependencies": [
        "request"
      ],
      "dependencies": {
        "request": "~2.40.0"
      },
      "bin": {
        "ai": "bin/ai.js"
      }
    },
    "node_modules/ai/node_modules/request": {
      "version": "2.40.0",
      "engines": [
        "node >= 0.8.0"
      ],
      "inBundle": true,
      "license": "Apache-2.0",
      "dependencies": {
        "forever-agent": "~0.5.0",
        "json-stringify-safe": "~5.0.0",
        "mime-types": "~1.0.1",
        "node-uuid": "~1.4.0",
        "qs": "~1.0.0"
      },
      "optionalDependencies": {
        "aws-sign2": "~0.5.0",
        "form-data": "~0.1.0",
        "hawk": "1.1.1",
        "http-signature": "~0.10.0",
        "oauth-sign": "~0.3.0",
        "stringstream": "~0.0.4",
        "tough-cookie": ">=0.12.0",
        "tunnel-agent": "~0.4.0"
      }
    },
    "node_modules/ai/node_modules/request/node_modules/aws-sign2": {
      "version": "0.5.0",
      "inBundle": true,
      "optional": true,
      "engines": {
        "node": "*"
      }
    },
    "node_modules/ai/node_modules/request/node_modules/forever-agent": {
      "version": "0.5.2",
      "inBundle": true,
      "engines": {
        "node": "*"
      }
    },
    "node_modules/ai/node_modules/request/node_modules/form-data": {
      "version": "0.1.4",
      "inBundle": true,
      "optional": true,
      "dependencies": {
        "async": "~0.9.0",
        "combined-stream": "~0.0.4",
        "mime": "~1.2.11"
      },
      "engines": {
        "node": ">= 0.8"
      }
    },
    "node_modules/ai/node_modules/request/node_modules/form-data/node_modules/async": {
      "version": "0.9.0",
      "inBundle": true,
      "optional": true
    },
    "node_modules/ai/node_modules/request/node_modules/form-data/node_modules/combined-stream": {
      "version": "0.0.5",
      "inBundle": true,
      "optional": true,
      "dependencies": {
        "delayed-stream": "0.0.5"
      },
      "engines": {
        "node": ">= 0.8"
      }
    },
    "node_modules/ai/node_modules/request/node_modules/form-data/node_modules/combined-stream/node_modules/delayed-stream": {
      "version": "0.0.5",
      "inBundle": true,
      "optional": true,
      "engines": {
        "node": ">=0.4.0"
      }
    },
    "node_modules/ai/node_modules/request/node_modules/form-data/node_modules/mime": {
      "version": "1.2.11",
      "inBundle": true,
      "optional": true
    },
    "node_modules/ai/node_modules/request/node_modules/hawk": {
      "version": "1.1.1",
      "inBundle": true,
      "optional": true,
      "dependencies": {
        "boom": "0.4.x",
        "cryptiles": "0.2.x",
        "hoek": "0.9.x",
        "sntp": "0.2.x"
      },
      "engines": {
        "node": ">=0.8.0"
      }
    },
    "node_modules/ai/node_modules/request/node_modules/hawk/node_modules/boom": {
      "version": "0.4.2",
      "inBundle": true,
      "optional": true,
      "dependencies": {
        "hoek": "0.9.x"
      },
      "engines": {
        "node": ">=0.8.0"
      }
    },
    "node_modules/ai/node_modules/request/node_modules/hawk/node_modules/cryptiles": {
      "version": "0.2.2",
      "inBundle": true,
      "optional": true,
      "dependencies": {
        "boom": "0.4.x"
      },
      "engines": {
        "node": ">=0.8.0"
      }
    },
    "node_modules/ai/node_modules/request/node_modules/hawk/node_modules/hoek": {
      "version": "0.9.1",
      "inBundle": true,
      "optional": true,
      "engines": {
        "node": ">=0.8.0"
      }
    },
    "node_modules/ai/node_modules/request/node_modules/hawk/node_modules/sntp": {
      "version": "0.2.4",
      "inBundle": true,
      "optional": true,
      "dependencies": {
        "hoek": "0.9.x"
      },
      "engines": {
        "node": ">=0.8.0"
      }
    },
    "node_modules/ai/node_modules/request/node_modules/http-signature": {
      "version": "0.10.0",
      "inBundle": true,
      "optional": true,
      "dependencies": {
        "asn1": "0.1.11",
        "assert-plus": "0.1.2",
        "ctype": "0.5.2"
      },
      "engines": {
        "node": ">=0.8"
      }
    },
    "node_modules/ai/node_modules/request/node_modules/http-signature/node_modules/asn1": {
      "version": "0.1.11",
      "inBundle": true,
      "optional": true,
      "engines": {
        "node": ">=0.4.9"
      }
    },
    "node_modules/ai/node_modules/request/node_modules/http-signature/node_modules/assert-plus": {
      "version": "0.1.2",
      "inBundle": true,
      "optional": true,
      "engines": {
        "node": ">=0.6"
      }
    },
    "node_modules/ai/node_modules/request/node_modules/http-signature/node_modules/ctype": {
      "version": "0.5.2",
      "inBundle": true,
      "optional": true,
      "engines": {
        "node": ">= 0.4"
      }
    },
    "node_modules/ai/node_modules/request/node_modules/json-stringify-safe": {
      "version": "5.0.0",
      "inBundle": true,
      "license": "BSD"
    },
    "node_modules/ai/node_modules/request/node_modules/mime-types": {
      "version": "1.0.2",
      "inBundle": true,
      "license": "MIT",
      "engines": {
        "node": ">= 0.8.0"
      }
    },
    "node_modules/ai/node_modules/request/node_modules/node-uuid": {
      "version": "1.4.1",
      "inBundle": true
    },
    "node_modules/ai/node_modules/request/node_modules/oauth-sign": {
      "version": "0.3.0",
      "inBundle": true,
      "optional": true,
      "engines": {
        "node": "*"
      }
    },
    "node_modules/ai/node_modules/request/node_modules/qs": {
      "version": "1.0.2",
      "inBundle": true
    },
    "node_modules/ai/node_modules/request/node_modules/stringstream": {
      "version": "0.0.4",
      "inBundle": true,
      "license": "MIT",
      "optional": true
    },
    "node_modules/ai/node_modules/request/node_modules/tough-cookie": {
      "version": "0.12.1",
      "inBundle": true,
      "license": "MIT",
      "optional": true,
      "dependencies": {
        "punycode": ">=0.2.0"
      },
      "engines": {
        "node": ">=0.4.12"
      }
    },
    "node_modules/ai/node_modules/request/node_modules/tough-cookie/node_modules/punycode": {
      "version": "1.3.1",
      "inBundle": true,
      "optional": true
    },
    "node_modules/ai/node_modules/request/node_modules/tunnel-agent": {
      "version": "0.4.0",
      "inBundle": true,
      "optional": true,
      "engines": {
        "node": "*"
      }
    },
    "node_modules/define-lazy-prop": {
      "version": "2.0.0",
      "resolved": "https://registry.npmjs.org/define-lazy-prop/-/define-lazy-prop-2.0.0.tgz",
      "integrity": "sha512-Ds09qNh8yw3khSjiJjiUInaGX9xlqZDY7JVryGxdxV7NPeuqQfplOpQ66yJFZut3jLa5zOwkXw1g9EI2uKh4Og==",
      "engines": {
        "node": ">=8"
      }
    },
    "node_modules/is-docker": {
      "version": "2.2.1",
      "resolved": "https://registry.npmjs.org/is-docker/-/is-docker-2.2.1.tgz",
      "integrity": "sha512-F+i2BKsFrH66iaUFc0woD8sLy8getkwTwtOBjvs56Cx4CgJDeKQeqfz8wAYiSb8JOprWhHH5p77PbmYCvvUuXQ==",
      "bin": {
        "is-docker": "cli.js"
      },
      "engines": {
        "node": ">=8"
      },
      "funding": {
        "url": "https://github.com/sponsors/sindresorhus"
      }
    },
    "node_modules/is-wsl": {
      "version": "2.2.0",
      "resolved": "https://registry.npmjs.org/is-wsl/-/is-wsl-2.2.0.tgz",
      "integrity": "sha512-fKzAra0rGJUUBwGBgNkHZuToZcn+TtXHpeCgmkMJMMYx1sQDYaCSyjJBSCa2nH1DGm7s3n1oBnohoVTBaN7Lww==",
      "dependencies": {
        "is-docker": "^2.0.0"
      },
      "engines": {
        "node": ">=8"
      }
    },
    "node_modules/open": {
      "version": "8.4.2",
      "resolved": "https://registry.npmjs.org/open/-/open-8.4.2.tgz",
      "integrity": "sha512-7x81NCL719oNbsq/3mh+hVrAWmFuEYUqrq/Iw3kUzH8ReypT9QQ0BLoJS7/G9k6N81XjW4qHWtjWwe/9eLy1EQ==",
      "dependencies": {
        "define-lazy-prop": "^2.0.0",
        "is-docker": "^2.1.1",
        "is-wsl": "^2.2.0"
      },
      "engines": {
        "node": ">=12"
      },
      "funding": {
        "url": "https://github.com/sponsors/sindresorhus"
      }
    }
  },
  "dependencies": {
    "ai": {
      "version": "1.1.0",
      "resolved": "https://registry.npmjs.org/ai/-/ai-1.1.0.tgz",
      "integrity": "sha512-Q2XCRxZhYVuFMcMqlXl88TxFboFJb06LfUOkqpbLCJ/x0J4kIZbZwbQyG4ZOKpUkKpZ7gjVJfHhZY2LICHb0Yw==",
      "requires": {
        "request": "~2.40.0"
      },
      "dependencies": {
        "request": {
          "version": "2.40.0",
          "bundled": true,
          "requires": {
            "aws-sign2": "~0.5.0",
            "forever-agent": "~0.5.0",
            "form-data": "~0.1.0",
            "hawk": "1.1.1",
            "http-signature": "~0.10.0",
            "json-stringify-safe": "~5.0.0",
            "mime-types": "~1.0.1",
            "node-uuid": "~1.4.0",
            "oauth-sign": "~0.3.0",
            "qs": "~1.0.0",
            "stringstream": "~0.0.4",
            "tough-cookie": ">=0.12.0",
            "tunnel-agent": "~0.4.0"
          },
          "dependencies": {
            "aws-sign2": {
              "version": "0.5.0",
              "bundled": true,
              "optional": true
            },
            "forever-agent": {
              "version": "0.5.2",
              "bundled": true
            },
            "form-data": {
              "version": "0.1.4",
              "bundled": true,
              "optional": true,
              "requires": {
                "async": "~0.9.0",
                "combined-stream": "~0.0.4",
                "mime": "~1.2.11"
              },
              "dependencies": {
                "async": {
                  "version": "0.9.0",
                  "bundled": true,
                  "optional": true
                },
                "combined-stream": {
                  "version": "0.0.5",
                  "bundled": true,
                  "optional": true,
                  "requires": {
                    "delayed-stream": "0.0.5"
                  },
                  "dependencies": {
                    "delayed-stream": {
                      "version": "0.0.5",
                      "bundled": true,
                      "optional": true
                    }
                  }
                },
                "mime": {
                  "version": "1.2.11",
                  "bundled": true,
                  "optional": true
                }
              }
            },
            "hawk": {
              "version": "1.1.1",
              "bundled": true,
              "optional": true,
              "requires": {
                "boom": "0.4.x",
                "cryptiles": "0.2.x",
                "hoek": "0.9.x",
                "sntp": "0.2.x"
              },
              "dependencies": {
                "boom": {
                  "version": "0.4.2",
                  "bundled": true,
                  "optional": true,
                  "requires": {
                    "hoek": "0.9.x"
                  }
                },
                "cryptiles": {
                  "version": "0.2.2",
                  "bundled": true,
                  "optional": true,
                  "requires": {
                    "boom": "0.4.x"
                  }
                },
                "hoek": {
                  "version": "0.9.1",
                  "bundled": true,
                  "optional": true
                },
                "sntp": {
                  "version": "0.2.4",
                  "bundled": true,
                  "optional": true,
                  "requires": {
                    "hoek": "0.9.x"
                  }
                }
              }
            },
            "http-signature": {
              "version": "0.10.0",
              "bundled": true,
              "optional": true,
              "requires": {
                "asn1": "0.1.11",
                "assert-plus": "0.1.2",
                "ctype": "0.5.2"
              },
              "dependencies": {
                "asn1": {
                  "version": "0.1.11",
                  "bundled": true,
                  "optional": true
                },
                "assert-plus": {
                  "version": "0.1.2",
                  "bundled": true,
                  "optional": true
                },
                "ctype": {
                  "version": "0.5.2",
                  "bundled": true,
                  "optional": true
                }
              }
            },
            "json-stringify-safe": {
              "version": "5.0.0",
              "bundled": true
            },
            "mime-types": {
              "version": "1.0.2",
              "bundled": true
            },
            "node-uuid": {
              "version": "1.4.1",
              "bundled": true
            },
            "oauth-sign": {
              "version": "0.3.0",
              "bundled": true,
              "optional": true
            },
            "qs": {
              "version": "1.0.2",
              "bundled": true
            },
            "stringstream": {
              "version": "0.0.4",
              "bundled": true,
              "optional": true
            },
            "tough-cookie": {
              "version": "0.12.1",
              "bundled": true,
              "optional": true,
              "requires": {
                "punycode": ">=0.2.0"
              },
              "dependencies": {
                "punycode": {
                  "version": "1.3.1",
                  "bundled": true,
                  "optional": true
                }
              }
            },
            "tunnel-agent": {
              "version": "0.4.0",
              "bundled": true,
              "optional": true
            }
          }
        }
      }
    },
    "define-lazy-prop": {
      "version": "2.0.0",
      "resolved": "https://registry.npmjs.org/define-lazy-prop/-/define-lazy-prop-2.0.0.tgz",
      "integrity": "sha512-Ds09qNh8yw3khSjiJjiUInaGX9xlqZDY7JVryGxdxV7NPeuqQfplOpQ66yJFZut3jLa5zOwkXw1g9EI2uKh4Og=="
    },
    "is-docker": {
      "version": "2.2.1",
      "resolved": "https://registry.npmjs.org/is-docker/-/is-docker-2.2.1.tgz",
      "integrity": "sha512-F+i2BKsFrH66iaUFc0woD8sLy8getkwTwtOBjvs56Cx4CgJDeKQeqfz8wAYiSb8JOprWhHH5p77PbmYCvvUuXQ=="
    },
    "is-wsl": {
      "version": "2.2.0",
      "resolved": "https://registry.npmjs.org/is-wsl/-/is-wsl-2.2.0.tgz",
      "integrity": "sha512-fKzAra0rGJUUBwGBgNkHZuToZcn+TtXHpeCgmkMJMMYx1sQDYaCSyjJBSCa2nH1DGm7s3n1oBnohoVTBaN7Lww==",
      "requires": {
        "is-docker": "^2.0.0"
      }
    },
    "open": {
      "version": "8.4.2",
      "resolved": "https://registry.npmjs.org/open/-/open-8.4.2.tgz",
      "integrity": "sha512-7x81NCL719oNbsq/3mh+hVrAWmFuEYUqrq/Iw3kUzH8ReypT9QQ0BLoJS7/G9k6N81XjW4qHWtjWwe/9eLy1EQ==",
      "requires": {
        "define-lazy-prop": "^2.0.0",
        "is-docker": "^2.1.1",
        "is-wsl": "^2.2.0"
      }
    }
  }
}
